# THIS IS AN AUTOGENERATED FILE. DO NOT EDIT THIS FILE DIRECTLY.
# yarn lockfile v1


"-@^0.0.1":
  version "0.0.1"
  resolved "https://registry.npmjs.org/-/-/--0.0.1.tgz"
  integrity sha512-3HfneK3DGAm05fpyj20sT3apkNcvPpCuccOThOPdzz8sY7GgQGe0l93XH9bt+YzibcTIgUAIMoyVJI740RtgyQ==

"@minecraft/server@^1.4.0-beta.1.20.10-stable":
  version "1.4.0-beta.1.20.10-stable"
  resolved "https://registry.npmjs.org/@minecraft/server/-/server-1.4.0-beta.1.20.10-stable.tgz"
  integrity sha512-GFxR3rc83fLG4G1QV51D6a7V1EylomZrUMO1oUNINhkMpNBe2ACA9CBpLpkixxg0Y3aDpUnTkuhjQpoMnekPSA==

add@^2.0.6:
  version "2.0.6"
  resolved "https://registry.npmjs.org/add/-/add-2.0.6.tgz"
  integrity sha512-j5QzrmsokwWWp6kUcJQySpbG+xfOBqqKnup3OIk1pz+kB/80SLorZ9V8zHFLO92Lcd+hbvq8bT+zOGoPkmBV0Q==

tsc@^2.0.4:
  version "2.0.4"
  resolved "https://registry.npmjs.org/tsc/-/tsc-2.0.4.tgz"
  integrity sha512-fzoSieZI5KKJVBYGvwbVZs/J5za84f2lSTLPYf6AGiIf43tZ3GNrI1QzTLcjtyDDP4aLxd46RTZq1nQxe7+k5Q==

typescript@^5.1.6:
  version "5.1.6"
  resolved "https://registry.npmjs.org/typescript/-/typescript-5.1.6.tgz"
  integrity sha512-zaWCozRZ6DLEWAWFrVDz1H6FVXzUSfTy5FUMWsQlU8Ym5JP9eO4xkTIROFCQvhQf61z6O/G6ugw3SgAnvvm+HA==
